
Microsoft Visual Studio Solution File, Format Version 12.00
# Visual Studio Version 17
VisualStudioVersion = 17.0.31912.275
MinimumVisualStudioVersion = 10.0.40219.1
Project("{FAE04EC0-301F-11D3-BF4B-00C04F79EFBC}") = "NLog.Raven", "NLog.Raven\NLog.Raven.csproj", "{4C24D08E-D9C9-4B41-B88C-EAAA47787277}"
EndProject
Project("{FAE04EC0-301F-11D3-BF4B-00C04F79EFBC}") = "NLog.Raven.Tests", "NLog.Raven.Tests\NLog.Raven.Tests.csproj", "{7DF0895D-4F8A-4FD9-BF73-332AB87F0F82}"
EndProject
Global
	GlobalSection(SolutionConfigurationPlatforms) = preSolution
		Debug|Any CPU = Debug|Any CPU
		Release|Any CPU = Release|Any CPU
	EndGlobalSection
	GlobalSection(ProjectConfigurationPlatforms) = postSolution
		{4C24D08E-D9C9-4B41-B88C-EAAA47787277}.Debug|Any CPU.ActiveCfg = Debug|Any CPU
		{4C24D08E-D9C9-4B41-B88C-EAAA47787277}.Debug|Any CPU.Build.0 = Debug|Any CPU
		{4C24D08E-D9C9-4B41-B88C-EAAA47787277}.Release|Any CPU.ActiveCfg = Release|Any CPU
		{4C24D08E-D9C9-4B41-B88C-EAAA47787277}.Release|Any CPU.Build.0 = Release|Any CPU
		{7DF0895D-4F8A-4FD9-BF73-332AB87F0F82}.Debug|Any CPU.ActiveCfg = Debug|Any CPU
		{7DF0895D-4F8A-4FD9-BF73-332AB87F0F82}.Debug|Any CPU.Build.0 = Debug|Any CPU
		{7DF0895D-4F8A-4FD9-BF73-332AB87F0F82}.Release|Any CPU.ActiveCfg = Release|Any CPU
	EndGlobalSection
	GlobalSection(SolutionProperties) = preSolution
		HideSolutionNode = FALSE
	EndGlobalSection
	GlobalSection(ExtensibilityGlobals) = postSolution
		SolutionGuid = {B6DFC108-3817-4828-AEEF-24372EDD6321}
	EndGlobalSection
EndGlobal
